
Microsoft Visual Studio Solution File, Format Version 12.00
# Visual Studio Version 17
VisualStudioVersion = 17.14.36414.22
MinimumVisualStudioVersion = 10.0.40219.1
Project("{FAE04EC0-301F-11D3-BF4B-00C04F79EFBC}") = "ResoGifImporter", "ResoGifImporter.csproj", "{F499BB45-BA10-4374-8752-B941DF785F0F}"
EndProject
Global
	GlobalSection(SolutionConfigurationPlatforms) = preSolution
		Debug|Any CPU = Debug|Any CPU
		Release|Any CPU = Release|Any CPU
	EndGlobalSection
	GlobalSection(ProjectConfigurationPlatforms) = postSolution
		{F499BB45-BA10-4374-8752-B941DF785F0F}.Debug|Any CPU.ActiveCfg = Debug|Any CPU
		{F499BB45-BA10-4374-8752-B941DF785F0F}.Debug|Any CPU.Build.0 = Debug|Any CPU
		{F499BB45-BA10-4374-8752-B941DF785F0F}.Release|Any CPU.ActiveCfg = Release|Any CPU
		{F499BB45-BA10-4374-8752-B941DF785F0F}.Release|Any CPU.Build.0 = Release|Any CPU
	EndGlobalSection
	GlobalSection(SolutionProperties) = preSolution
		HideSolutionNode = FALSE
	EndGlobalSection
	GlobalSection(ExtensibilityGlobals) = postSolution
		SolutionGuid = {BECC545A-79C3-4C9E-A0BF-15170B0977A0}
	EndGlobalSection
EndGlobal
